{
  "name": "profile-badges",
  "version": "1.0.0",
  "lockfileVersion": 1,
  "requires": true,
  "dependencies": {
    "simple-icons": {
      "version": "4.23.0",
      "resolved": "https://registry.npmjs.org/simple-icons/-/simple-icons-4.23.0.tgz",
      "integrity": "sha512-6mnsZiVR80LMbMaprrWSmAEBzw3gjsMvy/vKnpt1etppDHFz1XVGlH8KJ1xutty4iQcRyidgebqHBqRfAr7qyQ=="
    }
  }
}
